
Microsoft Visual Studio Solution File, Format Version 12.00
# Visual Studio 15
VisualStudioVersion = 15.0.26730.16
MinimumVisualStudioVersion = 10.0.40219.1
Project("{8BC9CEB8-8B4A-11D0-8D11-00A0C91BC942}") = "Speed", "Speed\Speed.vcxproj", "{2DAF31FE-33D0-4DE0-A787-9EFE49CE542B}"
EndProject
Global
	GlobalSection(SolutionConfigurationPlatforms) = preSolution
		Debug|x64 = Debug|x64
		Debug|x86 = Debug|x86
		Release|x64 = Release|x64
		Release|x86 = Release|x86
	EndGlobalSection
	GlobalSection(ProjectConfigurationPlatforms) = postSolution
		{2DAF31FE-33D0-4DE0-A787-9EFE49CE542B}.Debug|x64.ActiveCfg = Debug|x64
		{2DAF31FE-33D0-4DE0-A787-9EFE49CE542B}.Debug|x64.Build.0 = Debug|x64
		{2DAF31FE-33D0-4DE0-A787-9EFE49CE542B}.Debug|x86.ActiveCfg = Debug|Win32
		{2DAF31FE-33D0-4DE0-A787-9EFE49CE542B}.Debug|x86.Build.0 = Debug|Win32
		{2DAF31FE-33D0-4DE0-A787-9EFE49CE542B}.Release|x64.ActiveCfg = Release|x64
		{2DAF31FE-33D0-4DE0-A787-9EFE49CE542B}.Release|x64.Build.0 = Release|x64
		{2DAF31FE-33D0-4DE0-A787-9EFE49CE542B}.Release|x86.ActiveCfg = Release|Win32
		{2DAF31FE-33D0-4DE0-A787-9EFE49CE542B}.Release|x86.Build.0 = Release|Win32
	EndGlobalSection
	GlobalSection(SolutionProperties) = preSolution
		HideSolutionNode = FALSE
	EndGlobalSection
	GlobalSection(ExtensibilityGlobals) = postSolution
		SolutionGuid = {77EDA9F9-2510-44F0-8180-5E941A304364}
	EndGlobalSection
EndGlobal
